// !$*UTF8*$!
{
	archiveVersion = 1;
	classes = {
	};
	objectVersion = 56;
	objects = {

/* Begin PBXBuildFile section */
		AA05F4E028A38AC8009CA6EA /* AppDelegate.m in Sources */ = {isa = PBXBuildFile; fileRef = AA05F4DF28A38AC8009CA6EA /* AppDelegate.m */; };
		AA05F4E328A38AC8009CA6EA /* SceneDelegate.m in Sources */ = {isa = PBXBuildFile; fileRef = AA05F4E228A38AC8009CA6EA /* SceneDelegate.m */; };
		AA05F4E628A38AC8009CA6EA /* ViewController.m in Sources */ = {isa = PBXBuildFile; fileRef = AA05F4E528A38AC8009CA6EA /* ViewController.m */; };
		AA05F4E928A38AC8009CA6EA /* Main.storyboard in Resources */ = {isa = PBXBuildFile; fileRef = AA05F4E728A38AC8009CA6EA /* Main.storyboard */; };
		AA05F4EB28A38AC8009CA6EA /* Assets.xcassets in Resources */ = {isa = PBXBuildFile; fileRef = AA05F4EA28A38AC8009CA6EA /* Assets.xcassets */; };
		AA05F4EE28A38AC8009CA6EA /* LaunchScreen.storyboard in Resources */ = {isa = PBXBuildFile; fileRef = AA05F4EC28A38AC8009CA6EA /* LaunchScreen.storyboard */; };
		AA05F4F128A38AC8009CA6EA /* main.m in Sources */ = {isa = PBXBuildFile; fileRef = AA05F4F028A38AC8009CA6EA /* main.m */; };
/* End PBXBuildFile section */

/* Begin PBXFileReference section */
		AA05F4DB28A38AC8009CA6EA /* UIPasteControl.app */ = {isa = PBXFileReference; explicitFileType = wrapper.application; includeInIndex = 0; path = UIPasteControl.app; sourceTree = BUILT_PRODUCTS_DIR; };
		AA05F4DE28A38AC8009CA6EA /* AppDelegate.h */ = {isa = PBXFileReference; lastKnownFileType = sourcecode.c.h; path = AppDelegate.h; sourceTree = "<group>"; };
		AA05F4DF28A38AC8009CA6EA /* AppDelegate.m */ = {isa = PBXFileReference; lastKnownFileType = sourcecode.c.objc; path = AppDelegate.m; sourceTree = "<group>"; };
		AA05F4E128A38AC8009CA6EA /* SceneDelegate.h */ = {isa = PBXFileReference; lastKnownFileType = sourcecode.c.h; path = SceneDelegate.h; sourceTree = "<group>"; };
		AA05F4E228A38AC8009CA6EA /* SceneDelegate.m */ = {isa = PBXFileReference; lastKnownFileType = sourcecode.c.objc; path = SceneDelegate.m; sourceTree = "<group>"; };
		AA05F4E428A38AC8009CA6EA /* ViewController.h */ = {isa = PBXFileReference; lastKnownFileType = sourcecode.c.h; path = ViewController.h; sourceTree = "<group>"; };
		AA05F4E528A38AC8009CA6EA /* ViewController.m */ = {isa = PBXFileReference; lastKnownFileType = sourcecode.c.objc; path = ViewController.m; sourceTree = "<group>"; };
		AA05F4E828A38AC8009CA6EA /* Base */ = {isa = PBXFileReference; lastKnownFileType = file.storyboard; name = Base; path = Base.lproj/Main.storyboard; sourceTree = "<group>"; };
		AA05F4EA28A38AC8009CA6EA /* Assets.xcassets */ = {isa = PBXFileReference; lastKnownFileType = folder.assetcatalog; path = Assets.xcassets; sourceTree = "<group>"; };
		AA05F4ED28A38AC8009CA6EA /* Base */ = {isa = PBXFileReference; lastKnownFileType = file.storyboard; name = Base; path = Base.lproj/LaunchScreen.storyboard; sourceTree = "<group>"; };
		AA05F4EF28A38AC8009CA6EA /* Info.plist */ = {isa = PBXFileReference; lastKnownFileType = text.plist.xml; path = Info.plist; sourceTree = "<group>"; };
		AA05F4F028A38AC8009CA6EA /* main.m */ = {isa = PBXFileReference; lastKnownFileType = sourcecode.c.objc; path = main.m; sourceTree = "<group>"; };
/* End PBXFileReference section */

/* Begin PBXFrameworksBuildPhase section */
		AA05F4D828A38AC8009CA6EA /* Frameworks */ = {
			isa = PBXFrameworksBuildPhase;
			buildActionMask = 2147483647;
			files = (
			);
			runOnlyForDeploymentPostprocessing = 0;
		};
/* End PBXFrameworksBuildPhase section */

/* Begin PBXGroup section */
		AA05F4D228A38AC8009CA6EA = {
			isa = PBXGroup;
			children = (
				AA05F4DD28A38AC8009CA6EA /* UIPasteControl */,
				AA05F4DC28A38AC8009CA6EA /* Products */,
			);
			sourceTree = "<group>";
		};
		AA05F4DC28A38AC8009CA6EA /* Products */ = {
			isa = PBXGroup;
			children = (
				AA05F4DB28A38AC8009CA6EA /* UIPasteControl.app */,
			);
			name = Products;
			sourceTree = "<group>";
		};
		AA05F4DD28A38AC8009CA6EA /* UIPasteControl */ = {
			isa = PBXGroup;
			children = (
				AA05F4DE28A38AC8009CA6EA /* AppDelegate.h */,
				AA05F4DF28A38AC8009CA6EA /* AppDelegate.m */,
				AA05F4E128A38AC8009CA6EA /* SceneDelegate.h */,
				AA05F4E228A38AC8009CA6EA /* SceneDelegate.m */,
				AA05F4E428A38AC8009CA6EA /* ViewController.h */,
				AA05F4E528A38AC8009CA6EA /* ViewController.m */,
				AA05F4E728A38AC8009CA6EA /* Main.storyboard */,
				AA05F4EA28A38AC8009CA6EA /* Assets.xcassets */,
				AA05F4EC28A38AC8009CA6EA /* LaunchScreen.storyboard */,
				AA05F4EF28A38AC8009CA6EA /* Info.plist */,
				AA05F4F028A38AC8009CA6EA /* main.m */,
			);
			path = UIPasteControl;
			sourceTree = "<group>";
		};
/* End PBXGroup section */

/* Begin PBXNativeTarget section */
		AA05F4DA28A38AC8009CA6EA /* UIPasteControl */ = {
			isa = PBXNativeTarget;
			buildConfigurationList = AA05F4F428A38AC8009CA6EA /* Build configuration list for PBXNativeTarget "UIPasteControl" */;
			buildPhases = (
				AA05F4D728A38AC8009CA6EA /* Sources */,
				AA05F4D828A38AC8009CA6EA /* Frameworks */,
				AA05F4D928A38AC8009CA6EA /* Resources */,
			);
			buildRules = (
			);
			dependencies = (
			);
			name = UIPasteControl;
			productName = UIPasteControl;
			productReference = AA05F4DB28A38AC8009CA6EA /* UIPasteControl.app */;
			productType = "com.apple.product-type.application";
		};
/* End PBXNativeTarget section */

/* Begin PBXProject section */
		AA05F4D328A38AC8009CA6EA /* Project object */ = {
			isa = PBXProject;
			attributes = {
				BuildIndependentTargetsInParallel = 1;
				LastUpgradeCheck = 1400;
				TargetAttributes = {
					AA05F4DA28A38AC8009CA6EA = {
						CreatedOnToolsVersion = 14.0;
					};
				};
			};
			buildConfigurationList = AA05F4D628A38AC8009CA6EA /* Build configuration list for PBXProject "UIPasteControl" */;
			compatibilityVersion = "Xcode 14.0";
			developmentRegion = en;
			hasScannedForEncodings = 0;
			knownRegions = (
				en,
				Base,
			);
			mainGroup = AA05F4D228A38AC8009CA6EA;
			productRefGroup = AA05F4DC28A38AC8009CA6EA /* Products */;
			projectDirPath = "";
			projectRoot = "";
			targets = (
				AA05F4DA28A38AC8009CA6EA /* UIPasteControl */,
			);
		};
/* End PBXProject section */

/* Begin PBXResourcesBuildPhase section */
		AA05F4D928A38AC8009CA6EA /* Resources */ = {
			isa = PBXResourcesBuildPhase;
			buildActionMask = 2147483647;
			files = (
				AA05F4EE28A38AC8009CA6EA /* LaunchScreen.storyboard in Resources */,
				AA05F4EB28A38AC8009CA6EA /* Assets.xcassets in Resources */,
				AA05F4E928A38AC8009CA6EA /* Main.storyboard in Resources */,
			);
			runOnlyForDeploymentPostprocessing = 0;
		};
/* End PBXResourcesBuildPhase section */

/* Begin PBXSourcesBuildPhase section */
		AA05F4D728A38AC8009CA6EA /* Sources */ = {
			isa = PBXSourcesBuildPhase;
			buildActionMask = 2147483647;
			files = (
				AA05F4E628A38AC8009CA6EA /* ViewController.m in Sources */,
				AA05F4E028A38AC8009CA6EA /* AppDelegate.m in Sources */,
				AA05F4F128A38AC8009CA6EA /* main.m in Sources */,
				AA05F4E328A38AC8009CA6EA /* SceneDelegate.m in Sources */,
			);
			runOnlyForDeploymentPostprocessing = 0;
		};
/* End PBXSourcesBuildPhase section */

/* Begin PBXVariantGroup section */
		AA05F4E728A38AC8009CA6EA /* Main.storyboard */ = {
			isa = PBXVariantGroup;
			children = (
				AA05F4E828A38AC8009CA6EA /* Base */,
			);
			name = Main.storyboard;
			sourceTree = "<group>";
		};
		AA05F4EC28A38AC8009CA6EA /* LaunchScreen.storyboard */ = {
			isa = PBXVariantGroup;
			children = (
				AA05F4ED28A38AC8009CA6EA /* Base */,
			);
			name = LaunchScreen.storyboard;
			sourceTree = "<group>";
		};
/* End PBXVariantGroup section */

/* Begin XCBuildConfiguration section */
		AA05F4F228A38AC8009CA6EA /* Debug */ = {
			isa = XCBuildConfiguration;
			buildSettings = {
				ALWAYS_SEARCH_USER_PATHS = NO;
				CLANG_ANALYZER_NONNULL = YES;
				CLANG_ANALYZER_NUMBER_OBJECT_CONVERSION = YES_AGGRESSIVE;
				CLANG_CXX_LANGUAGE_STANDARD = "gnu++20";
				CLANG_ENABLE_MODULES = YES;
				CLANG_ENABLE_OBJC_ARC = YES;
				CLANG_ENABLE_OBJC_WEAK = YES;
				CLANG_WARN_BLOCK_CAPTURE_AUTORELEASING = YES;
				CLANG_WARN_BOOL_CONVERSION = YES;
				CLANG_WARN_COMMA = YES;
				CLANG_WARN_CONSTANT_CONVERSION = YES;
				CLANG_WARN_DEPRECATED_OBJC_IMPLEMENTATIONS = YES;
				CLANG_WARN_DIRECT_OBJC_ISA_USAGE = YES_ERROR;
				CLANG_WARN_DOCUMENTATION_COMMENTS = YES;
				CLANG_WARN_EMPTY_BODY = YES;
				CLANG_WARN_ENUM_CONVERSION = YES;
				CLANG_WARN_INFINITE_RECURSION = YES;
				CLANG_WARN_INT_CONVERSION = YES;
				CLANG_WARN_NON_LITERAL_NULL_CONVERSION = YES;
				CLANG_WARN_OBJC_IMPLICIT_RETAIN_SELF = YES;
				CLANG_WARN_OBJC_LITERAL_CONVERSION = YES;
				CLANG_WARN_OBJC_ROOT_CLASS = YES_ERROR;
				CLANG_WARN_QUOTED_INCLUDE_IN_FRAMEWORK_HEADER = YES;
				CLANG_WARN_RANGE_LOOP_ANALYSIS = YES;
				CLANG_WARN_STRICT_PROTOTYPES = YES;
				CLANG_WARN_SUSPICIOUS_MOVE = YES;
				CLANG_WARN_UNGUARDED_AVAILABILITY = YES_AGGRESSIVE;
				CLANG_WARN_UNREACHABLE_CODE = YES;
				CLANG_WARN__DUPLICATE_METHOD_MATCH = YES;
				COPY_PHASE_STRIP = NO;
				DEBUG_INFORMATION_FORMAT = dwarf;
				ENABLE_STRICT_OBJC_MSGSEND = YES;
				ENABLE_TESTABILITY = YES;
				GCC_C_LANGUAGE_STANDARD = gnu11;
				GCC_DYNAMIC_NO_PIC = NO;
				GCC_NO_COMMON_BLOCKS = YES;
				GCC_OPTIMIZATION_LEVEL = 0;
				GCC_PREPROCESSOR_DEFINITIONS = (
					"DEBUG=1",
					"$(inherited)",
				);
				GCC_WARN_64_TO_32_BIT_CONVERSION = YES;
				GCC_WARN_ABOUT_RETURN_TYPE = YES_ERROR;
				GCC_WARN_UNDECLARED_SELECTOR = YES;
				GCC_WARN_UNINITIALIZED_AUTOS = YES_AGGRESSIVE;
				GCC_WARN_UNUSED_FUNCTION = YES;
				GCC_WARN_UNUSED_VARIABLE = YES;
				IPHONEOS_DEPLOYMENT_TARGET = 16.0;
				MTL_ENABLE_DEBUG_INFO = INCLUDE_SOURCE;
				MTL_FAST_MATH = YES;
				ONLY_ACTIVE_ARCH = YES;
				SDKROOT = iphoneos;
			};
			name = Debug;
		};
		AA05F4F328A38AC8009CA6EA /* Release */ = {
			isa = XCBuildConfiguration;
			buildSettings = {
				ALWAYS_SEARCH_USER_PATHS = NO;
				CLANG_ANALYZER_NONNULL = YES;
				CLANG_ANALYZER_NUMBER_OBJECT_CONVERSION = YES_AGGRESSIVE;
				CLANG_CXX_LANGUAGE_STANDARD = "gnu++20";
				CLANG_ENABLE_MODULES = YES;
				CLANG_ENABLE_OBJC_ARC = YES;
				CLANG_ENABLE_OBJC_WEAK = YES;
				CLANG_WARN_BLOCK_CAPTURE_AUTORELEASING = YES;
				CLANG_WARN_BOOL_CONVERSION = YES;
				CLANG_WARN_COMMA = YES;
				CLANG_WARN_CONSTANT_CONVERSION = YES;
				CLANG_WARN_DEPRECATED_OBJC_IMPLEMENTATIONS = YES;
				CLANG_WARN_DIRECT_OBJC_ISA_USAGE = YES_ERROR;
				CLANG_WARN_DOCUMENTATION_COMMENTS = YES;
				CLANG_WARN_EMPTY_BODY = YES;
				CLANG_WARN_ENUM_CONVERSION = YES;
				CLANG_WARN_INFINITE_RECURSION = YES;
				CLANG_WARN_INT_CONVERSION = YES;
				CLANG_WARN_NON_LITERAL_NULL_CONVERSION = YES;
				CLANG_WARN_OBJC_IMPLICIT_RETAIN_SELF = YES;
				CLANG_WARN_OBJC_LITERAL_CONVERSION = YES;
				CLANG_WARN_OBJC_ROOT_CLASS = YES_ERROR;
				CLANG_WARN_QUOTED_INCLUDE_IN_FRAMEWORK_HEADER = YES;
				CLANG_WARN_RANGE_LOOP_ANALYSIS = YES;
				CLANG_WARN_STRICT_PROTOTYPES = YES;
				CLANG_WARN_SUSPICIOUS_MOVE = YES;
				CLANG_WARN_UNGUARDED_AVAILABILITY = YES_AGGRESSIVE;
				CLANG_WARN_UNREACHABLE_CODE = YES;
				CLANG_WARN__DUPLICATE_METHOD_MATCH = YES;
				COPY_PHASE_STRIP = NO;
				DEBUG_INFORMATION_FORMAT = "dwarf-with-dsym";
				ENABLE_NS_ASSERTIONS = NO;
				ENABLE_STRICT_OBJC_MSGSEND = YES;
				GCC_C_LANGUAGE_STANDARD = gnu11;
				GCC_NO_COMMON_BLOCKS = YES;
				GCC_WARN_64_TO_32_BIT_CONVERSION = YES;
				GCC_WARN_ABOUT_RETURN_TYPE = YES_ERROR;
				GCC_WARN_UNDECLARED_SELECTOR = YES;
				GCC_WARN_UNINITIALIZED_AUTOS = YES_AGGRESSIVE;
				GCC_WARN_UNUSED_FUNCTION = YES;
				GCC_WARN_UNUSED_VARIABLE = YES;
				IPHONEOS_DEPLOYMENT_TARGET = 16.0;
				MTL_ENABLE_DEBUG_INFO = NO;
				MTL_FAST_MATH = YES;
				SDKROOT = iphoneos;
				VALIDATE_PRODUCT = YES;
			};
			name = Release;
		};
		AA05F4F528A38AC8009CA6EA /* Debug */ = {
			isa = XCBuildConfiguration;
			buildSettings = {
				ASSETCATALOG_COMPILER_APPICON_NAME = AppIcon;
				ASSETCATALOG_COMPILER_GLOBAL_ACCENT_COLOR_NAME = AccentColor;
				CODE_SIGN_STYLE = Automatic;
				CURRENT_PROJECT_VERSION = 1;
				DEVELOPMENT_TEAM = R4ZK9V9HNJ;
				GENERATE_INFOPLIST_FILE = YES;
				INFOPLIST_FILE = UIPasteControl/Info.plist;
				INFOPLIST_KEY_UIApplicationSupportsIndirectInputEvents = YES;
				INFOPLIST_KEY_UILaunchStoryboardName = LaunchScreen;
				INFOPLIST_KEY_UIMainStoryboardFile = Main;
				INFOPLIST_KEY_UISupportedInterfaceOrientations_iPad = "UIInterfaceOrientationPortrait UIInterfaceOrientationPortraitUpsideDown UIInterfaceOrientationLandscapeLeft UIInterfaceOrientationLandscapeRight";
				INFOPLIST_KEY_UISupportedInterfaceOrientations_iPhone = "UIInterfaceOrientationPortrait UIInterfaceOrientationLandscapeLeft UIInterfaceOrientationLandscapeRight";
				LD_RUNPATH_SEARCH_PATHS = (
					"$(inherited)",
					"@executable_path/Frameworks",
				);
				MARKETING_VERSION = 1.0;
				PRODUCT_BUNDLE_IDENTIFIER = cn.com.csii.UIPasteControl;
				PRODUCT_NAME = "$(TARGET_NAME)";
				SWIFT_EMIT_LOC_STRINGS = YES;
				TARGETED_DEVICE_FAMILY = "1,2";
			};
			name = Debug;
		};
		AA05F4F628A38AC8009CA6EA /* Release */ = {
			isa = XCBuildConfiguration;
			buildSettings = {
				ASSETCATALOG_COMPILER_APPICON_NAME = AppIcon;
				ASSETCATALOG_COMPILER_GLOBAL_ACCENT_COLOR_NAME = AccentColor;
				CODE_SIGN_STYLE = Automatic;
				CURRENT_PROJECT_VERSION = 1;
				DEVELOPMENT_TEAM = R4ZK9V9HNJ;
				GENERATE_INFOPLIST_FILE = YES;
				INFOPLIST_FILE = UIPasteControl/Info.plist;
				INFOPLIST_KEY_UIApplicationSupportsIndirectInputEvents = YES;
				INFOPLIST_KEY_UILaunchStoryboardName = LaunchScreen;
				INFOPLIST_KEY_UIMainStoryboardFile = Main;
				INFOPLIST_KEY_UISupportedInterfaceOrientations_iPad = "UIInterfaceOrientationPortrait UIInterfaceOrientationPortraitUpsideDown UIInterfaceOrientationLandscapeLeft UIInterfaceOrientationLandscapeRight";
				INFOPLIST_KEY_UISupportedInterfaceOrientations_iPhone = "UIInterfaceOrientationPortrait UIInterfaceOrientationLandscapeLeft UIInterfaceOrientationLandscapeRight";
				LD_RUNPATH_SEARCH_PATHS = (
					"$(inherited)",
					"@executable_path/Frameworks",
				);
				MARKETING_VERSION = 1.0;
				PRODUCT_BUNDLE_IDENTIFIER = cn.com.csii.UIPasteControl;
				PRODUCT_NAME = "$(TARGET_NAME)";
				SWIFT_EMIT_LOC_STRINGS = YES;
				TARGETED_DEVICE_FAMILY = "1,2";
			};
			name = Release;
		};
/* End XCBuildConfiguration section */

/* Begin XCConfigurationList section */
		AA05F4D628A38AC8009CA6EA /* Build configuration list for PBXProject "UIPasteControl" */ = {
			isa = XCConfigurationList;
			buildConfigurations = (
				AA05F4F228A38AC8009CA6EA /* Debug */,
				AA05F4F328A38AC8009CA6EA /* Release */,
			);
			defaultConfigurationIsVisible = 0;
			defaultConfigurationName = Release;
		};
		AA05F4F428A38AC8009CA6EA /* Build configuration list for PBXNativeTarget "UIPasteControl" */ = {
			isa = XCConfigurationList;
			buildConfigurations = (
				AA05F4F528A38AC8009CA6EA /* Debug */,
				AA05F4F628A38AC8009CA6EA /* Release */,
			);
			defaultConfigurationIsVisible = 0;
			defaultConfigurationName = Release;
		};
/* End XCConfigurationList section */
	};
	rootObject = AA05F4D328A38AC8009CA6EA /* Project object */;
}
